github.com/go-chi/chi/v5 v5.2.0 h1:Aj1EtB0qR2Rdo2dG4O94RIU35w2lvQSj6BRA4+qwFL0=
github.com/go-chi/chi/v5 v5.2.0/go.mod h1:DslCQbL2OYiznFReuXYUmQ2hGd1aDpCnlMNITLSKoi8=
github.com/learning-go-book-2e/ch14 v0.0.0-20240702231311-71878380fe1c h1:U/+ML7lLsZs4sUN2dg4Fu6XSL2dk3d5jb7WQHcuPOPY=
github.com/learning-go-book-2e/ch14 v0.0.0-20240702231311-71878380fe1c/go.mod h1:8ei5R5nOkL7C9diRaQQHNrrzVjHmjgOgUTOv4+hilH8=
